# This file was autogenerated by Stack.
# You should not edit this file by hand.
# For more information, please see the documentation at:
#   https://docs.haskellstack.org/en/stable/topics/lock_files

packages: []
snapshots:
- completed:
    sha256: a6b1ba1b6d98e27ad4939c91a1e5e611ecf3a05bee5e1d626d568d62de44389d
    size: 654478
    url: https://raw.githubusercontent.com/commercialhaskell/stackage-snapshots/master/nightly/2025/2/26.yaml
  original: nightly-2025-02-26
